
Microsoft Visual Studio Solution File, Format Version 12.00
# Visual Studio Version 17
VisualStudioVersion = 17.14.36616.10
MinimumVisualStudioVersion = 10.0.40219.1
Project("{8BC9CEB8-8B4A-11D0-8D11-00A0C91BC942}") = "Dialog", "Dialog.vcxproj", "{08CE6E30-212F-1DEC-7FBA-1E74CD1E37E9}"
EndProject
Project("{8BC9CEB8-8B4A-11D0-8D11-00A0C91BC942}") = "CStaticTest", "..\CStaticTest\CStaticTest.vcxproj", "{E44872F3-9EE4-CCAB-8D99-9281D0D2A744}"
EndProject
Project("{8BC9CEB8-8B4A-11D0-8D11-00A0C91BC942}") = "EditCtril", "..\EditCtril\EditCtril.vcxproj", "{BA4C229D-B394-E01D-B098-5E9BE25064AC}"
EndProject
Project("{8BC9CEB8-8B4A-11D0-8D11-00A0C91BC942}") = "comboBoxCtrl", "..\comboBoxCtrl\comboBoxCtrl.vcxproj", "{48A17749-0603-9993-185E-57F4C9CC7CDA}"
EndProject
Project("{8BC9CEB8-8B4A-11D0-8D11-00A0C91BC942}") = "ListCtrl", "..\ListCtrl\ListCtrl.vcxproj", "{4554918A-944D-09BA-C40A-444587FBAB27}"
EndProject
Project("{8BC9CEB8-8B4A-11D0-8D11-00A0C91BC942}") = "CTreeCtrl", "..\CTreeCtrl\CTreeCtrl.vcxproj", "{10494C38-3232-3E30-6F9A-EE4EC9367AE7}"
EndProject
Project("{8BC9CEB8-8B4A-11D0-8D11-00A0C91BC942}") = "CTabCtrl", "..\CTabCtrl\CTabCtrl.vcxproj", "{1D0F18B9-D8B9-FCE7-96DA-7BEA33202619}"
EndProject
Global
	GlobalSection(SolutionConfigurationPlatforms) = preSolution
		Debug|x64 = Debug|x64
		Debug|x86 = Debug|x86
		Release|x64 = Release|x64
		Release|x86 = Release|x86
	EndGlobalSection
	GlobalSection(ProjectConfigurationPlatforms) = postSolution
		{08CE6E30-212F-1DEC-7FBA-1E74CD1E37E9}.Debug|x64.ActiveCfg = Debug|x64
		{08CE6E30-212F-1DEC-7FBA-1E74CD1E37E9}.Debug|x64.Build.0 = Debug|x64
		{08CE6E30-212F-1DEC-7FBA-1E74CD1E37E9}.Debug|x86.ActiveCfg = Debug|Win32
		{08CE6E30-212F-1DEC-7FBA-1E74CD1E37E9}.Debug|x86.Build.0 = Debug|Win32
		{08CE6E30-212F-1DEC-7FBA-1E74CD1E37E9}.Release|x64.ActiveCfg = Release|x64
		{08CE6E30-212F-1DEC-7FBA-1E74CD1E37E9}.Release|x64.Build.0 = Release|x64
		{08CE6E30-212F-1DEC-7FBA-1E74CD1E37E9}.Release|x86.ActiveCfg = Release|Win32
		{08CE6E30-212F-1DEC-7FBA-1E74CD1E37E9}.Release|x86.Build.0 = Release|Win32
		{E44872F3-9EE4-CCAB-8D99-9281D0D2A744}.Debug|x64.ActiveCfg = Debug|x64
		{E44872F3-9EE4-CCAB-8D99-9281D0D2A744}.Debug|x64.Build.0 = Debug|x64
		{E44872F3-9EE4-CCAB-8D99-9281D0D2A744}.Debug|x86.ActiveCfg = Debug|Win32
		{E44872F3-9EE4-CCAB-8D99-9281D0D2A744}.Debug|x86.Build.0 = Debug|Win32
		{E44872F3-9EE4-CCAB-8D99-9281D0D2A744}.Release|x64.ActiveCfg = Release|x64
		{E44872F3-9EE4-CCAB-8D99-9281D0D2A744}.Release|x64.Build.0 = Release|x64
		{E44872F3-9EE4-CCAB-8D99-9281D0D2A744}.Release|x86.ActiveCfg = Release|Win32
		{E44872F3-9EE4-CCAB-8D99-9281D0D2A744}.Release|x86.Build.0 = Release|Win32
		{BA4C229D-B394-E01D-B098-5E9BE25064AC}.Debug|x64.ActiveCfg = Debug|x64
		{BA4C229D-B394-E01D-B098-5E9BE25064AC}.Debug|x64.Build.0 = Debug|x64
		{BA4C229D-B394-E01D-B098-5E9BE25064AC}.Debug|x86.ActiveCfg = Debug|Win32
		{BA4C229D-B394-E01D-B098-5E9BE25064AC}.Debug|x86.Build.0 = Debug|Win32
		{BA4C229D-B394-E01D-B098-5E9BE25064AC}.Release|x64.ActiveCfg = Release|x64
		{BA4C229D-B394-E01D-B098-5E9BE25064AC}.Release|x64.Build.0 = Release|x64
		{BA4C229D-B394-E01D-B098-5E9BE25064AC}.Release|x86.ActiveCfg = Release|Win32
		{BA4C229D-B394-E01D-B098-5E9BE25064AC}.Release|x86.Build.0 = Release|Win32
		{48A17749-0603-9993-185E-57F4C9CC7CDA}.Debug|x64.ActiveCfg = Debug|x64
		{48A17749-0603-9993-185E-57F4C9CC7CDA}.Debug|x64.Build.0 = Debug|x64
		{48A17749-0603-9993-185E-57F4C9CC7CDA}.Debug|x86.ActiveCfg = Debug|Win32
		{48A17749-0603-9993-185E-57F4C9CC7CDA}.Debug|x86.Build.0 = Debug|Win32
		{48A17749-0603-9993-185E-57F4C9CC7CDA}.Release|x64.ActiveCfg = Release|x64
		{48A17749-0603-9993-185E-57F4C9CC7CDA}.Release|x64.Build.0 = Release|x64
		{48A17749-0603-9993-185E-57F4C9CC7CDA}.Release|x86.ActiveCfg = Release|Win32
		{48A17749-0603-9993-185E-57F4C9CC7CDA}.Release|x86.Build.0 = Release|Win32
		{4554918A-944D-09BA-C40A-444587FBAB27}.Debug|x64.ActiveCfg = Debug|x64
		{4554918A-944D-09BA-C40A-444587FBAB27}.Debug|x64.Build.0 = Debug|x64
		{4554918A-944D-09BA-C40A-444587FBAB27}.Debug|x86.ActiveCfg = Debug|Win32
		{4554918A-944D-09BA-C40A-444587FBAB27}.Debug|x86.Build.0 = Debug|Win32
		{4554918A-944D-09BA-C40A-444587FBAB27}.Release|x64.ActiveCfg = Release|x64
		{4554918A-944D-09BA-C40A-444587FBAB27}.Release|x64.Build.0 = Release|x64
		{4554918A-944D-09BA-C40A-444587FBAB27}.Release|x86.ActiveCfg = Release|Win32
		{4554918A-944D-09BA-C40A-444587FBAB27}.Release|x86.Build.0 = Release|Win32
		{10494C38-3232-3E30-6F9A-EE4EC9367AE7}.Debug|x64.ActiveCfg = Debug|x64
		{10494C38-3232-3E30-6F9A-EE4EC9367AE7}.Debug|x64.Build.0 = Debug|x64
		{10494C38-3232-3E30-6F9A-EE4EC9367AE7}.Debug|x86.ActiveCfg = Debug|Win32
		{10494C38-3232-3E30-6F9A-EE4EC9367AE7}.Debug|x86.Build.0 = Debug|Win32
		{10494C38-3232-3E30-6F9A-EE4EC9367AE7}.Release|x64.ActiveCfg = Release|x64
		{10494C38-3232-3E30-6F9A-EE4EC9367AE7}.Release|x64.Build.0 = Release|x64
		{10494C38-3232-3E30-6F9A-EE4EC9367AE7}.Release|x86.ActiveCfg = Release|Win32
		{10494C38-3232-3E30-6F9A-EE4EC9367AE7}.Release|x86.Build.0 = Release|Win32
		{1D0F18B9-D8B9-FCE7-96DA-7BEA33202619}.Debug|x64.ActiveCfg = Debug|x64
		{1D0F18B9-D8B9-FCE7-96DA-7BEA33202619}.Debug|x64.Build.0 = Debug|x64
		{1D0F18B9-D8B9-FCE7-96DA-7BEA33202619}.Debug|x86.ActiveCfg = Debug|Win32
		{1D0F18B9-D8B9-FCE7-96DA-7BEA33202619}.Debug|x86.Build.0 = Debug|Win32
		{1D0F18B9-D8B9-FCE7-96DA-7BEA33202619}.Release|x64.ActiveCfg = Release|x64
		{1D0F18B9-D8B9-FCE7-96DA-7BEA33202619}.Release|x64.Build.0 = Release|x64
		{1D0F18B9-D8B9-FCE7-96DA-7BEA33202619}.Release|x86.ActiveCfg = Release|Win32
		{1D0F18B9-D8B9-FCE7-96DA-7BEA33202619}.Release|x86.Build.0 = Release|Win32
	EndGlobalSection
	GlobalSection(SolutionProperties) = preSolution
		HideSolutionNode = FALSE
	EndGlobalSection
	GlobalSection(ExtensibilityGlobals) = postSolution
		SolutionGuid = {5B7B441F-4B56-4D10-AA80-3FC7ABA06752}
	EndGlobalSection
EndGlobal
